
Microsoft Visual Studio Solution File, Format Version 12.00
# Visual Studio 15
VisualStudioVersion = 15.0.26124.0
MinimumVisualStudioVersion = 15.0.26124.0
Project("{FAE04EC0-301F-11D3-BF4B-00C04F79EFBC}") = "Dictionary.Tests", "Dictionary.Tests\Dictionary.Tests.csproj", "{78F6F28C-F85F-4468-8A5C-A35627587D21}"
EndProject
Project("{FAE04EC0-301F-11D3-BF4B-00C04F79EFBC}") = "Dictionary", "Dictionary\Dictionary.csproj", "{C5F64051-9228-4BB8-81B5-53D0EF44FCEE}"
EndProject
Global
	GlobalSection(SolutionConfigurationPlatforms) = preSolution
		Debug|Any CPU = Debug|Any CPU
		Debug|x64 = Debug|x64
		Debug|x86 = Debug|x86
		Release|Any CPU = Release|Any CPU
		Release|x64 = Release|x64
		Release|x86 = Release|x86
	EndGlobalSection
	GlobalSection(SolutionProperties) = preSolution
		HideSolutionNode = FALSE
	EndGlobalSection
	GlobalSection(ProjectConfigurationPlatforms) = postSolution
		{78F6F28C-F85F-4468-8A5C-A35627587D21}.Debug|Any CPU.ActiveCfg = Debug|Any CPU
		{78F6F28C-F85F-4468-8A5C-A35627587D21}.Debug|Any CPU.Build.0 = Debug|Any CPU
		{78F6F28C-F85F-4468-8A5C-A35627587D21}.Debug|x64.ActiveCfg = Debug|Any CPU
		{78F6F28C-F85F-4468-8A5C-A35627587D21}.Debug|x64.Build.0 = Debug|Any CPU
		{78F6F28C-F85F-4468-8A5C-A35627587D21}.Debug|x86.ActiveCfg = Debug|Any CPU
		{78F6F28C-F85F-4468-8A5C-A35627587D21}.Debug|x86.Build.0 = Debug|Any CPU
		{78F6F28C-F85F-4468-8A5C-A35627587D21}.Release|Any CPU.ActiveCfg = Release|Any CPU
		{78F6F28C-F85F-4468-8A5C-A35627587D21}.Release|Any CPU.Build.0 = Release|Any CPU
		{78F6F28C-F85F-4468-8A5C-A35627587D21}.Release|x64.ActiveCfg = Release|Any CPU
		{78F6F28C-F85F-4468-8A5C-A35627587D21}.Release|x64.Build.0 = Release|Any CPU
		{78F6F28C-F85F-4468-8A5C-A35627587D21}.Release|x86.ActiveCfg = Release|Any CPU
		{78F6F28C-F85F-4468-8A5C-A35627587D21}.Release|x86.Build.0 = Release|Any CPU
		{C5F64051-9228-4BB8-81B5-53D0EF44FCEE}.Debug|Any CPU.ActiveCfg = Debug|Any CPU
		{C5F64051-9228-4BB8-81B5-53D0EF44FCEE}.Debug|Any CPU.Build.0 = Debug|Any CPU
		{C5F64051-9228-4BB8-81B5-53D0EF44FCEE}.Debug|x64.ActiveCfg = Debug|Any CPU
		{C5F64051-9228-4BB8-81B5-53D0EF44FCEE}.Debug|x64.Build.0 = Debug|Any CPU
		{C5F64051-9228-4BB8-81B5-53D0EF44FCEE}.Debug|x86.ActiveCfg = Debug|Any CPU
		{C5F64051-9228-4BB8-81B5-53D0EF44FCEE}.Debug|x86.Build.0 = Debug|Any CPU
		{C5F64051-9228-4BB8-81B5-53D0EF44FCEE}.Release|Any CPU.ActiveCfg = Release|Any CPU
		{C5F64051-9228-4BB8-81B5-53D0EF44FCEE}.Release|Any CPU.Build.0 = Release|Any CPU
		{C5F64051-9228-4BB8-81B5-53D0EF44FCEE}.Release|x64.ActiveCfg = Release|Any CPU
		{C5F64051-9228-4BB8-81B5-53D0EF44FCEE}.Release|x64.Build.0 = Release|Any CPU
		{C5F64051-9228-4BB8-81B5-53D0EF44FCEE}.Release|x86.ActiveCfg = Release|Any CPU
		{C5F64051-9228-4BB8-81B5-53D0EF44FCEE}.Release|x86.Build.0 = Release|Any CPU
	EndGlobalSection
EndGlobal
